// !$*UTF8*$!
{
	archiveVersion = 1;
	classes = {
	};
	objectVersion = 46;
	objects = {

/* Begin PBXBuildFile section */
		DEC90E9A1B5EB8DF00C9E16A /* main.m in Sources */ = {isa = PBXBuildFile; fileRef = DEC90E991B5EB8DF00C9E16A /* main.m */; };
		DEC90E9D1B5EB8DF00C9E16A /* AppDelegate.m in Sources */ = {isa = PBXBuildFile; fileRef = DEC90E9C1B5EB8DF00C9E16A /* AppDelegate.m */; };
		DEC90EA01B5EB8DF00C9E16A /* SwitchingViewController.m in Sources */ = {isa = PBXBuildFile; fileRef = DEC90E9F1B5EB8DF00C9E16A /* SwitchingViewController.m */; };
		DEC90EA31B5EB8DF00C9E16A /* Main.storyboard in Resources */ = {isa = PBXBuildFile; fileRef = DEC90EA11B5EB8DF00C9E16A /* Main.storyboard */; };
		DEC90EA51B5EB8DF00C9E16A /* Images.xcassets in Resources */ = {isa = PBXBuildFile; fileRef = DEC90EA41B5EB8DF00C9E16A /* Images.xcassets */; };
		DEC90EA81B5EB8DF00C9E16A /* LaunchScreen.xib in Resources */ = {isa = PBXBuildFile; fileRef = DEC90EA61B5EB8DF00C9E16A /* LaunchScreen.xib */; };
		DEC90EB41B5EB8DF00C9E16A /* View_SwitcherTests.m in Sources */ = {isa = PBXBuildFile; fileRef = DEC90EB31B5EB8DF00C9E16A /* View_SwitcherTests.m */; };
/* End PBXBuildFile section */

/* Begin PBXContainerItemProxy section */
		DEC90EAE1B5EB8DF00C9E16A /* PBXContainerItemProxy */ = {
			isa = PBXContainerItemProxy;
			containerPortal = DEC90E8C1B5EB8DF00C9E16A /* Project object */;
			proxyType = 1;
			remoteGlobalIDString = DEC90E931B5EB8DF00C9E16A;
			remoteInfo = "View Switcher";
		};
/* End PBXContainerItemProxy section */

/* Begin PBXFileReference section */
		DEC90E941B5EB8DF00C9E16A /* View Switcher.app */ = {isa = PBXFileReference; explicitFileType = wrapper.application; includeInIndex = 0; path = "View Switcher.app"; sourceTree = BUILT_PRODUCTS_DIR; };
		DEC90E981B5EB8DF00C9E16A /* Info.plist */ = {isa = PBXFileReference; lastKnownFileType = text.plist.xml; path = Info.plist; sourceTree = "<group>"; };
		DEC90E991B5EB8DF00C9E16A /* main.m */ = {isa = PBXFileReference; lastKnownFileType = sourcecode.c.objc; path = main.m; sourceTree = "<group>"; };
		DEC90E9B1B5EB8DF00C9E16A /* AppDelegate.h */ = {isa = PBXFileReference; lastKnownFileType = sourcecode.c.h; path = AppDelegate.h; sourceTree = "<group>"; };
		DEC90E9C1B5EB8DF00C9E16A /* AppDelegate.m */ = {isa = PBXFileReference; lastKnownFileType = sourcecode.c.objc; path = AppDelegate.m; sourceTree = "<group>"; };
		DEC90E9E1B5EB8DF00C9E16A /* SwitchingViewController.h */ = {isa = PBXFileReference; lastKnownFileType = sourcecode.c.h; path = SwitchingViewController.h; sourceTree = "<group>"; };
		DEC90E9F1B5EB8DF00C9E16A /* SwitchingViewController.m */ = {isa = PBXFileReference; lastKnownFileType = sourcecode.c.objc; path = SwitchingViewController.m; sourceTree = "<group>"; };
		DEC90EA21B5EB8DF00C9E16A /* Base */ = {isa = PBXFileReference; lastKnownFileType = file.storyboard; name = Base; path = Base.lproj/Main.storyboard; sourceTree = "<group>"; };
		DEC90EA41B5EB8DF00C9E16A /* Images.xcassets */ = {isa = PBXFileReference; lastKnownFileType = folder.assetcatalog; path = Images.xcassets; sourceTree = "<group>"; };
		DEC90EA71B5EB8DF00C9E16A /* Base */ = {isa = PBXFileReference; lastKnownFileType = file.xib; name = Base; path = Base.lproj/LaunchScreen.xib; sourceTree = "<group>"; };
		DEC90EAD1B5EB8DF00C9E16A /* View SwitcherTests.xctest */ = {isa = PBXFileReference; explicitFileType = wrapper.cfbundle; includeInIndex = 0; path = "View SwitcherTests.xctest"; sourceTree = BUILT_PRODUCTS_DIR; };
		DEC90EB21B5EB8DF00C9E16A /* Info.plist */ = {isa = PBXFileReference; lastKnownFileType = text.plist.xml; path = Info.plist; sourceTree = "<group>"; };
		DEC90EB31B5EB8DF00C9E16A /* View_SwitcherTests.m */ = {isa = PBXFileReference; lastKnownFileType = sourcecode.c.objc; path = View_SwitcherTests.m; sourceTree = "<group>"; };
/* End PBXFileReference section */

/* Begin PBXFrameworksBuildPhase section */
		DEC90E911B5EB8DF00C9E16A /* Frameworks */ = {
			isa = PBXFrameworksBuildPhase;
			buildActionMask = 2147483647;
			files = (
			);
			runOnlyForDeploymentPostprocessing = 0;
		};
		DEC90EAA1B5EB8DF00C9E16A /* Frameworks */ = {
			isa = PBXFrameworksBuildPhase;
			buildActionMask = 2147483647;
			files = (
			);
			runOnlyForDeploymentPostprocessing = 0;
		};
/* End PBXFrameworksBuildPhase section */

/* Begin PBXGroup section */
		DEC90E8B1B5EB8DF00C9E16A = {
			isa = PBXGroup;
			children = (
				DEC90E961B5EB8DF00C9E16A /* View Switcher */,
				DEC90EB01B5EB8DF00C9E16A /* View SwitcherTests */,
				DEC90E951B5EB8DF00C9E16A /* Products */,
			);
			sourceTree = "<group>";
		};
		DEC90E951B5EB8DF00C9E16A /* Products */ = {
			isa = PBXGroup;
			children = (
				DEC90E941B5EB8DF00C9E16A /* View Switcher.app */,
				DEC90EAD1B5EB8DF00C9E16A /* View SwitcherTests.xctest */,
			);
			name = Products;
			sourceTree = "<group>";
		};
		DEC90E961B5EB8DF00C9E16A /* View Switcher */ = {
			isa = PBXGroup;
			children = (
				DEC90E9B1B5EB8DF00C9E16A /* AppDelegate.h */,
				DEC90E9C1B5EB8DF00C9E16A /* AppDelegate.m */,
				DEC90E9E1B5EB8DF00C9E16A /* SwitchingViewController.h */,
				DEC90E9F1B5EB8DF00C9E16A /* SwitchingViewController.m */,
				DEC90EA11B5EB8DF00C9E16A /* Main.storyboard */,
				DEC90EA41B5EB8DF00C9E16A /* Images.xcassets */,
				DEC90EA61B5EB8DF00C9E16A /* LaunchScreen.xib */,
				DEC90E971B5EB8DF00C9E16A /* Supporting Files */,
			);
			path = "View Switcher";
			sourceTree = "<group>";
		};
		DEC90E971B5EB8DF00C9E16A /* Supporting Files */ = {
			isa = PBXGroup;
			children = (
				DEC90E981B5EB8DF00C9E16A /* Info.plist */,
				DEC90E991B5EB8DF00C9E16A /* main.m */,
			);
			name = "Supporting Files";
			sourceTree = "<group>";
		};
		DEC90EB01B5EB8DF00C9E16A /* View SwitcherTests */ = {
			isa = PBXGroup;
			children = (
				DEC90EB31B5EB8DF00C9E16A /* View_SwitcherTests.m */,
				DEC90EB11B5EB8DF00C9E16A /* Supporting Files */,
			);
			path = "View SwitcherTests";
			sourceTree = "<group>";
		};
		DEC90EB11B5EB8DF00C9E16A /* Supporting Files */ = {
			isa = PBXGroup;
			children = (
				DEC90EB21B5EB8DF00C9E16A /* Info.plist */,
			);
			name = "Supporting Files";
			sourceTree = "<group>";
		};
/* End PBXGroup section */

/* Begin PBXNativeTarget section */
		DEC90E931B5EB8DF00C9E16A /* View Switcher */ = {
			isa = PBXNativeTarget;
			buildConfigurationList = DEC90EB71B5EB8DF00C9E16A /* Build configuration list for PBXNativeTarget "View Switcher" */;
			buildPhases = (
				DEC90E901B5EB8DF00C9E16A /* Sources */,
				DEC90E911B5EB8DF00C9E16A /* Frameworks */,
				DEC90E921B5EB8DF00C9E16A /* Resources */,
			);
			buildRules = (
			);
			dependencies = (
			);
			name = "View Switcher";
			productName = "View Switcher";
			productReference = DEC90E941B5EB8DF00C9E16A /* View Switcher.app */;
			productType = "com.apple.product-type.application";
		};
		DEC90EAC1B5EB8DF00C9E16A /* View SwitcherTests */ = {
			isa = PBXNativeTarget;
			buildConfigurationList = DEC90EBA1B5EB8DF00C9E16A /* Build configuration list for PBXNativeTarget "View SwitcherTests" */;
			buildPhases = (
				DEC90EA91B5EB8DF00C9E16A /* Sources */,
				DEC90EAA1B5EB8DF00C9E16A /* Frameworks */,
				DEC90EAB1B5EB8DF00C9E16A /* Resources */,
			);
			buildRules = (
			);
			dependencies = (
				DEC90EAF1B5EB8DF00C9E16A /* PBXTargetDependency */,
			);
			name = "View SwitcherTests";
			productName = "View SwitcherTests";
			productReference = DEC90EAD1B5EB8DF00C9E16A /* View SwitcherTests.xctest */;
			productType = "com.apple.product-type.bundle.unit-test";
		};
/* End PBXNativeTarget section */

/* Begin PBXProject section */
		DEC90E8C1B5EB8DF00C9E16A /* Project object */ = {
			isa = PBXProject;
			attributes = {
				LastUpgradeCheck = 0640;
				ORGANIZATIONNAME = Student_Ralph;
				TargetAttributes = {
					DEC90E931B5EB8DF00C9E16A = {
						CreatedOnToolsVersion = 6.4;
					};
					DEC90EAC1B5EB8DF00C9E16A = {
						CreatedOnToolsVersion = 6.4;
						TestTargetID = DEC90E931B5EB8DF00C9E16A;
					};
				};
			};
			buildConfigurationList = DEC90E8F1B5EB8DF00C9E16A /* Build configuration list for PBXProject "View Switcher" */;
			compatibilityVersion = "Xcode 3.2";
			developmentRegion = English;
			hasScannedForEncodings = 0;
			knownRegions = (
				en,
				Base,
			);
			mainGroup = DEC90E8B1B5EB8DF00C9E16A;
			productRefGroup = DEC90E951B5EB8DF00C9E16A /* Products */;
			projectDirPath = "";
			projectRoot = "";
			targets = (
				DEC90E931B5EB8DF00C9E16A /* View Switcher */,
				DEC90EAC1B5EB8DF00C9E16A /* View SwitcherTests */,
			);
		};
/* End PBXProject section */

/* Begin PBXResourcesBuildPhase section */
		DEC90E921B5EB8DF00C9E16A /* Resources */ = {
			isa = PBXResourcesBuildPhase;
			buildActionMask = 2147483647;
			files = (
				DEC90EA31B5EB8DF00C9E16A /* Main.storyboard in Resources */,
				DEC90EA81B5EB8DF00C9E16A /* LaunchScreen.xib in Resources */,
				DEC90EA51B5EB8DF00C9E16A /* Images.xcassets in Resources */,
			);
			runOnlyForDeploymentPostprocessing = 0;
		};
		DEC90EAB1B5EB8DF00C9E16A /* Resources */ = {
			isa = PBXResourcesBuildPhase;
			buildActionMask = 2147483647;
			files = (
			);
			runOnlyForDeploymentPostprocessing = 0;
		};
/* End PBXResourcesBuildPhase section */

/* Begin PBXSourcesBuildPhase section */
		DEC90E901B5EB8DF00C9E16A /* Sources */ = {
			isa = PBXSourcesBuildPhase;
			buildActionMask = 2147483647;
			files = (
				DEC90EA01B5EB8DF00C9E16A /* SwitchingViewController.m in Sources */,
				DEC90E9D1B5EB8DF00C9E16A /* AppDelegate.m in Sources */,
				DEC90E9A1B5EB8DF00C9E16A /* main.m in Sources */,
			);
			runOnlyForDeploymentPostprocessing = 0;
		};
		DEC90EA91B5EB8DF00C9E16A /* Sources */ = {
			isa = PBXSourcesBuildPhase;
			buildActionMask = 2147483647;
			files = (
				DEC90EB41B5EB8DF00C9E16A /* View_SwitcherTests.m in Sources */,
			);
			runOnlyForDeploymentPostprocessing = 0;
		};
/* End PBXSourcesBuildPhase section */

/* Begin PBXTargetDependency section */
		DEC90EAF1B5EB8DF00C9E16A /* PBXTargetDependency */ = {
			isa = PBXTargetDependency;
			target = DEC90E931B5EB8DF00C9E16A /* View Switcher */;
			targetProxy = DEC90EAE1B5EB8DF00C9E16A /* PBXContainerItemProxy */;
		};
/* End PBXTargetDependency section */

/* Begin PBXVariantGroup section */
		DEC90EA11B5EB8DF00C9E16A /* Main.storyboard */ = {
			isa = PBXVariantGroup;
			children = (
				DEC90EA21B5EB8DF00C9E16A /* Base */,
			);
			name = Main.storyboard;
			sourceTree = "<group>";
		};
		DEC90EA61B5EB8DF00C9E16A /* LaunchScreen.xib */ = {
			isa = PBXVariantGroup;
			children = (
				DEC90EA71B5EB8DF00C9E16A /* Base */,
			);
			name = LaunchScreen.xib;
			sourceTree = "<group>";
		};
/* End PBXVariantGroup section */

/* Begin XCBuildConfiguration section */
		DEC90EB51B5EB8DF00C9E16A /* Debug */ = {
			isa = XCBuildConfiguration;
			buildSettings = {
				ALWAYS_SEARCH_USER_PATHS = NO;
				CLANG_CXX_LANGUAGE_STANDARD = "gnu++0x";
				CLANG_CXX_LIBRARY = "libc++";
				CLANG_ENABLE_MODULES = YES;
				CLANG_ENABLE_OBJC_ARC = YES;
				CLANG_WARN_BOOL_CONVERSION = YES;
				CLANG_WARN_CONSTANT_CONVERSION = YES;
				CLANG_WARN_DIRECT_OBJC_ISA_USAGE = YES_ERROR;
				CLANG_WARN_EMPTY_BODY = YES;
				CLANG_WARN_ENUM_CONVERSION = YES;
				CLANG_WARN_INT_CONVERSION = YES;
				CLANG_WARN_OBJC_ROOT_CLASS = YES_ERROR;
				CLANG_WARN_UNREACHABLE_CODE = YES;
				CLANG_WARN__DUPLICATE_METHOD_MATCH = YES;
				"CODE_SIGN_IDENTITY[sdk=iphoneos*]" = "iPhone Developer";
				COPY_PHASE_STRIP = NO;
				DEBUG_INFORMATION_FORMAT = "dwarf-with-dsym";
				ENABLE_STRICT_OBJC_MSGSEND = YES;
				GCC_C_LANGUAGE_STANDARD = gnu99;
				GCC_DYNAMIC_NO_PIC = NO;
				GCC_NO_COMMON_BLOCKS = YES;
				GCC_OPTIMIZATION_LEVEL = 0;
				GCC_PREPROCESSOR_DEFINITIONS = (
					"DEBUG=1",
					"$(inherited)",
				);
				GCC_SYMBOLS_PRIVATE_EXTERN = NO;
				GCC_WARN_64_TO_32_BIT_CONVERSION = YES;
				GCC_WARN_ABOUT_RETURN_TYPE = YES_ERROR;
				GCC_WARN_UNDECLARED_SELECTOR = YES;
				GCC_WARN_UNINITIALIZED_AUTOS = YES_AGGRESSIVE;
				GCC_WARN_UNUSED_FUNCTION = YES;
				GCC_WARN_UNUSED_VARIABLE = YES;
				IPHONEOS_DEPLOYMENT_TARGET = 8.4;
				MTL_ENABLE_DEBUG_INFO = YES;
				ONLY_ACTIVE_ARCH = YES;
				SDKROOT = iphoneos;
				TARGETED_DEVICE_FAMILY = "1,2";
			};
			name = Debug;
		};
		DEC90EB61B5EB8DF00C9E16A /* Release */ = {
			isa = XCBuildConfiguration;
			buildSettings = {
				ALWAYS_SEARCH_USER_PATHS = NO;
				CLANG_CXX_LANGUAGE_STANDARD = "gnu++0x";
				CLANG_CXX_LIBRARY = "libc++";
				CLANG_ENABLE_MODULES = YES;
				CLANG_ENABLE_OBJC_ARC = YES;
				CLANG_WARN_BOOL_CONVERSION = YES;
				CLANG_WARN_CONSTANT_CONVERSION = YES;
				CLANG_WARN_DIRECT_OBJC_ISA_USAGE = YES_ERROR;
				CLANG_WARN_EMPTY_BODY = YES;
				CLANG_WARN_ENUM_CONVERSION = YES;
				CLANG_WARN_INT_CONVERSION = YES;
				CLANG_WARN_OBJC_ROOT_CLASS = YES_ERROR;
				CLANG_WARN_UNREACHABLE_CODE = YES;
				CLANG_WARN__DUPLICATE_METHOD_MATCH = YES;
				"CODE_SIGN_IDENTITY[sdk=iphoneos*]" = "iPhone Developer";
				COPY_PHASE_STRIP = NO;
				DEBUG_INFORMATION_FORMAT = "dwarf-with-dsym";
				ENABLE_NS_ASSERTIONS = NO;
				ENABLE_STRICT_OBJC_MSGSEND = YES;
				GCC_C_LANGUAGE_STANDARD = gnu99;
				GCC_NO_COMMON_BLOCKS = YES;
				GCC_WARN_64_TO_32_BIT_CONVERSION = YES;
				GCC_WARN_ABOUT_RETURN_TYPE = YES_ERROR;
				GCC_WARN_UNDECLARED_SELECTOR = YES;
				GCC_WARN_UNINITIALIZED_AUTOS = YES_AGGRESSIVE;
				GCC_WARN_UNUSED_FUNCTION = YES;
				GCC_WARN_UNUSED_VARIABLE = YES;
				IPHONEOS_DEPLOYMENT_TARGET = 8.4;
				MTL_ENABLE_DEBUG_INFO = NO;
				SDKROOT = iphoneos;
				TARGETED_DEVICE_FAMILY = "1,2";
				VALIDATE_PRODUCT = YES;
			};
			name = Release;
		};
		DEC90EB81B5EB8DF00C9E16A /* Debug */ = {
			isa = XCBuildConfiguration;
			buildSettings = {
				ASSETCATALOG_COMPILER_APPICON_NAME = AppIcon;
				INFOPLIST_FILE = "View Switcher/Info.plist";
				LD_RUNPATH_SEARCH_PATHS = "$(inherited) @executable_path/Frameworks";
				PRODUCT_NAME = "$(TARGET_NAME)";
			};
			name = Debug;
		};
		DEC90EB91B5EB8DF00C9E16A /* Release */ = {
			isa = XCBuildConfiguration;
			buildSettings = {
				ASSETCATALOG_COMPILER_APPICON_NAME = AppIcon;
				INFOPLIST_FILE = "View Switcher/Info.plist";
				LD_RUNPATH_SEARCH_PATHS = "$(inherited) @executable_path/Frameworks";
				PRODUCT_NAME = "$(TARGET_NAME)";
			};
			name = Release;
		};
		DEC90EBB1B5EB8DF00C9E16A /* Debug */ = {
			isa = XCBuildConfiguration;
			buildSettings = {
				BUNDLE_LOADER = "$(TEST_HOST)";
				FRAMEWORK_SEARCH_PATHS = (
					"$(SDKROOT)/Developer/Library/Frameworks",
					"$(inherited)",
				);
				GCC_PREPROCESSOR_DEFINITIONS = (
					"DEBUG=1",
					"$(inherited)",
				);
				INFOPLIST_FILE = "View SwitcherTests/Info.plist";
				LD_RUNPATH_SEARCH_PATHS = "$(inherited) @executable_path/Frameworks @loader_path/Frameworks";
				PRODUCT_NAME = "$(TARGET_NAME)";
				TEST_HOST = "$(BUILT_PRODUCTS_DIR)/View Switcher.app/View Switcher";
			};
			name = Debug;
		};
		DEC90EBC1B5EB8DF00C9E16A /* Release */ = {
			isa = XCBuildConfiguration;
			buildSettings = {
				BUNDLE_LOADER = "$(TEST_HOST)";
				FRAMEWORK_SEARCH_PATHS = (
					"$(SDKROOT)/Developer/Library/Frameworks",
					"$(inherited)",
				);
				INFOPLIST_FILE = "View SwitcherTests/Info.plist";
				LD_RUNPATH_SEARCH_PATHS = "$(inherited) @executable_path/Frameworks @loader_path/Frameworks";
				PRODUCT_NAME = "$(TARGET_NAME)";
				TEST_HOST = "$(BUILT_PRODUCTS_DIR)/View Switcher.app/View Switcher";
			};
			name = Release;
		};
/* End XCBuildConfiguration section */

/* Begin XCConfigurationList section */
		DEC90E8F1B5EB8DF00C9E16A /* Build configuration list for PBXProject "View Switcher" */ = {
			isa = XCConfigurationList;
			buildConfigurations = (
				DEC90EB51B5EB8DF00C9E16A /* Debug */,
				DEC90EB61B5EB8DF00C9E16A /* Release */,
			);
			defaultConfigurationIsVisible = 0;
			defaultConfigurationName = Release;
		};
		DEC90EB71B5EB8DF00C9E16A /* Build configuration list for PBXNativeTarget "View Switcher" */ = {
			isa = XCConfigurationList;
			buildConfigurations = (
				DEC90EB81B5EB8DF00C9E16A /* Debug */,
				DEC90EB91B5EB8DF00C9E16A /* Release */,
			);
			defaultConfigurationIsVisible = 0;
		};
		DEC90EBA1B5EB8DF00C9E16A /* Build configuration list for PBXNativeTarget "View SwitcherTests" */ = {
			isa = XCConfigurationList;
			buildConfigurations = (
				DEC90EBB1B5EB8DF00C9E16A /* Debug */,
				DEC90EBC1B5EB8DF00C9E16A /* Release */,
			);
			defaultConfigurationIsVisible = 0;
		};
/* End XCConfigurationList section */
	};
	rootObject = DEC90E8C1B5EB8DF00C9E16A /* Project object */;
}
